// !$*UTF8*$!
{
	archiveVersion = 1;
	classes = {
	};
	objectVersion = 46;
	objects = {

/* Begin PBXBuildFile section */
		C6F960371A73253800276CF0 /* AppDelegate.swift in Sources */ = {isa = PBXBuildFile; fileRef = C6F960361A73253800276CF0 /* AppDelegate.swift */; };
		C6F960391A73253800276CF0 /* ViewController.swift in Sources */ = {isa = PBXBuildFile; fileRef = C6F960381A73253800276CF0 /* ViewController.swift */; };
		C6F9603C1A73253800276CF0 /* Main.storyboard in Resources */ = {isa = PBXBuildFile; fileRef = C6F9603A1A73253800276CF0 /* Main.storyboard */; };
		C6F9603E1A73253800276CF0 /* Images.xcassets in Resources */ = {isa = PBXBuildFile; fileRef = C6F9603D1A73253800276CF0 /* Images.xcassets */; };
		C6F960411A73253800276CF0 /* LaunchScreen.xib in Resources */ = {isa = PBXBuildFile; fileRef = C6F9603F1A73253800276CF0 /* LaunchScreen.xib */; };
		C6F9604D1A73253800276CF0 /* PostcardTests.swift in Sources */ = {isa = PBXBuildFile; fileRef = C6F9604C1A73253800276CF0 /* PostcardTests.swift */; };
/* End PBXBuildFile section */

/* Begin PBXContainerItemProxy section */
		C6F960471A73253800276CF0 /* PBXContainerItemProxy */ = {
			isa = PBXContainerItemProxy;
			containerPortal = C6F960291A73253800276CF0 /* Project object */;
			proxyType = 1;
			remoteGlobalIDString = C6F960301A73253800276CF0;
			remoteInfo = Postcard;
		};
/* End PBXContainerItemProxy section */

/* Begin PBXFileReference section */
		C6F960311A73253800276CF0 /* Postcard.app */ = {isa = PBXFileReference; explicitFileType = wrapper.application; includeInIndex = 0; path = Postcard.app; sourceTree = BUILT_PRODUCTS_DIR; };
		C6F960351A73253800276CF0 /* Info.plist */ = {isa = PBXFileReference; lastKnownFileType = text.plist.xml; path = Info.plist; sourceTree = "<group>"; };
		C6F960361A73253800276CF0 /* AppDelegate.swift */ = {isa = PBXFileReference; lastKnownFileType = sourcecode.swift; path = AppDelegate.swift; sourceTree = "<group>"; };
		C6F960381A73253800276CF0 /* ViewController.swift */ = {isa = PBXFileReference; lastKnownFileType = sourcecode.swift; path = ViewController.swift; sourceTree = "<group>"; };
		C6F9603B1A73253800276CF0 /* Base */ = {isa = PBXFileReference; lastKnownFileType = file.storyboard; name = Base; path = Base.lproj/Main.storyboard; sourceTree = "<group>"; };
		C6F9603D1A73253800276CF0 /* Images.xcassets */ = {isa = PBXFileReference; lastKnownFileType = folder.assetcatalog; path = Images.xcassets; sourceTree = "<group>"; };
		C6F960401A73253800276CF0 /* Base */ = {isa = PBXFileReference; lastKnownFileType = file.xib; name = Base; path = Base.lproj/LaunchScreen.xib; sourceTree = "<group>"; };
		C6F960461A73253800276CF0 /* PostcardTests.xctest */ = {isa = PBXFileReference; explicitFileType = wrapper.cfbundle; includeInIndex = 0; path = PostcardTests.xctest; sourceTree = BUILT_PRODUCTS_DIR; };
		C6F9604B1A73253800276CF0 /* Info.plist */ = {isa = PBXFileReference; lastKnownFileType = text.plist.xml; path = Info.plist; sourceTree = "<group>"; };
		C6F9604C1A73253800276CF0 /* PostcardTests.swift */ = {isa = PBXFileReference; lastKnownFileType = sourcecode.swift; path = PostcardTests.swift; sourceTree = "<group>"; };
/* End PBXFileReference section */

/* Begin PBXFrameworksBuildPhase section */
		C6F9602E1A73253800276CF0 /* Frameworks */ = {
			isa = PBXFrameworksBuildPhase;
			buildActionMask = 2147483647;
			files = (
			);
			runOnlyForDeploymentPostprocessing = 0;
		};
		C6F960431A73253800276CF0 /* Frameworks */ = {
			isa = PBXFrameworksBuildPhase;
			buildActionMask = 2147483647;
			files = (
			);
			runOnlyForDeploymentPostprocessing = 0;
		};
/* End PBXFrameworksBuildPhase section */

/* Begin PBXGroup section */
		C6F960281A73253800276CF0 = {
			isa = PBXGroup;
			children = (
				C6F960331A73253800276CF0 /* Postcard */,
				C6F960491A73253800276CF0 /* PostcardTests */,
				C6F960321A73253800276CF0 /* Products */,
			);
			sourceTree = "<group>";
		};
		C6F960321A73253800276CF0 /* Products */ = {
			isa = PBXGroup;
			children = (
				C6F960311A73253800276CF0 /* Postcard.app */,
				C6F960461A73253800276CF0 /* PostcardTests.xctest */,
			);
			name = Products;
			sourceTree = "<group>";
		};
		C6F960331A73253800276CF0 /* Postcard */ = {
			isa = PBXGroup;
			children = (
				C6F960361A73253800276CF0 /* AppDelegate.swift */,
				C6F960381A73253800276CF0 /* ViewController.swift */,
				C6F9603A1A73253800276CF0 /* Main.storyboard */,
				C6F9603D1A73253800276CF0 /* Images.xcassets */,
				C6F9603F1A73253800276CF0 /* LaunchScreen.xib */,
				C6F960341A73253800276CF0 /* Supporting Files */,
			);
			path = Postcard;
			sourceTree = "<group>";
		};
		C6F960341A73253800276CF0 /* Supporting Files */ = {
			isa = PBXGroup;
			children = (
				C6F960351A73253800276CF0 /* Info.plist */,
			);
			name = "Supporting Files";
			sourceTree = "<group>";
		};
		C6F960491A73253800276CF0 /* PostcardTests */ = {
			isa = PBXGroup;
			children = (
				C6F9604C1A73253800276CF0 /* PostcardTests.swift */,
				C6F9604A1A73253800276CF0 /* Supporting Files */,
			);
			path = PostcardTests;
			sourceTree = "<group>";
		};
		C6F9604A1A73253800276CF0 /* Supporting Files */ = {
			isa = PBXGroup;
			children = (
				C6F9604B1A73253800276CF0 /* Info.plist */,
			);
			name = "Supporting Files";
			sourceTree = "<group>";
		};
/* End PBXGroup section */

/* Begin PBXNativeTarget section */
		C6F960301A73253800276CF0 /* Postcard */ = {
			isa = PBXNativeTarget;
			buildConfigurationList = C6F960501A73253800276CF0 /* Build configuration list for PBXNativeTarget "Postcard" */;
			buildPhases = (
				C6F9602D1A73253800276CF0 /* Sources */,
				C6F9602E1A73253800276CF0 /* Frameworks */,
				C6F9602F1A73253800276CF0 /* Resources */,
			);
			buildRules = (
			);
			dependencies = (
			);
			name = Postcard;
			productName = Postcard;
			productReference = C6F960311A73253800276CF0 /* Postcard.app */;
			productType = "com.apple.product-type.application";
		};
		C6F960451A73253800276CF0 /* PostcardTests */ = {
			isa = PBXNativeTarget;
			buildConfigurationList = C6F960531A73253800276CF0 /* Build configuration list for PBXNativeTarget "PostcardTests" */;
			buildPhases = (
				C6F960421A73253800276CF0 /* Sources */,
				C6F960431A73253800276CF0 /* Frameworks */,
				C6F960441A73253800276CF0 /* Resources */,
			);
			buildRules = (
			);
			dependencies = (
				C6F960481A73253800276CF0 /* PBXTargetDependency */,
			);
			name = PostcardTests;
			productName = PostcardTests;
			productReference = C6F960461A73253800276CF0 /* PostcardTests.xctest */;
			productType = "com.apple.product-type.bundle.unit-test";
		};
/* End PBXNativeTarget section */

/* Begin PBXProject section */
		C6F960291A73253800276CF0 /* Project object */ = {
			isa = PBXProject;
			attributes = {
				LastUpgradeCheck = 0610;
				ORGANIZATIONNAME = TheBitKoncept;
				TargetAttributes = {
					C6F960301A73253800276CF0 = {
						CreatedOnToolsVersion = 6.1.1;
					};
					C6F960451A73253800276CF0 = {
						CreatedOnToolsVersion = 6.1.1;
						TestTargetID = C6F960301A73253800276CF0;
					};
				};
			};
			buildConfigurationList = C6F9602C1A73253800276CF0 /* Build configuration list for PBXProject "Postcard" */;
			compatibilityVersion = "Xcode 3.2";
			developmentRegion = English;
			hasScannedForEncodings = 0;
			knownRegions = (
				en,
				Base,
			);
			mainGroup = C6F960281A73253800276CF0;
			productRefGroup = C6F960321A73253800276CF0 /* Products */;
			projectDirPath = "";
			projectRoot = "";
			targets = (
				C6F960301A73253800276CF0 /* Postcard */,
				C6F960451A73253800276CF0 /* PostcardTests */,
			);
		};
/* End PBXProject section */

/* Begin PBXResourcesBuildPhase section */
		C6F9602F1A73253800276CF0 /* Resources */ = {
			isa = PBXResourcesBuildPhase;
			buildActionMask = 2147483647;
			files = (
				C6F9603C1A73253800276CF0 /* Main.storyboard in Resources */,
				C6F960411A73253800276CF0 /* LaunchScreen.xib in Resources */,
				C6F9603E1A73253800276CF0 /* Images.xcassets in Resources */,
			);
			runOnlyForDeploymentPostprocessing = 0;
		};
		C6F960441A73253800276CF0 /* Resources */ = {
			isa = PBXResourcesBuildPhase;
			buildActionMask = 2147483647;
			files = (
			);
			runOnlyForDeploymentPostprocessing = 0;
		};
/* End PBXResourcesBuildPhase section */

/* Begin PBXSourcesBuildPhase section */
		C6F9602D1A73253800276CF0 /* Sources */ = {
			isa = PBXSourcesBuildPhase;
			buildActionMask = 2147483647;
			files = (
				C6F960391A73253800276CF0 /* ViewController.swift in Sources */,
				C6F960371A73253800276CF0 /* AppDelegate.swift in Sources */,
			);
			runOnlyForDeploymentPostprocessing = 0;
		};
		C6F960421A73253800276CF0 /* Sources */ = {
			isa = PBXSourcesBuildPhase;
			buildActionMask = 2147483647;
			files = (
				C6F9604D1A73253800276CF0 /* PostcardTests.swift in Sources */,
			);
			runOnlyForDeploymentPostprocessing = 0;
		};
/* End PBXSourcesBuildPhase section */

/* Begin PBXTargetDependency section */
		C6F960481A73253800276CF0 /* PBXTargetDependency */ = {
			isa = PBXTargetDependency;
			target = C6F960301A73253800276CF0 /* Postcard */;
			targetProxy = C6F960471A73253800276CF0 /* PBXContainerItemProxy */;
		};
/* End PBXTargetDependency section */

/* Begin PBXVariantGroup section */
		C6F9603A1A73253800276CF0 /* Main.storyboard */ = {
			isa = PBXVariantGroup;
			children = (
				C6F9603B1A73253800276CF0 /* Base */,
			);
			name = Main.storyboard;
			sourceTree = "<group>";
		};
		C6F9603F1A73253800276CF0 /* LaunchScreen.xib */ = {
			isa = PBXVariantGroup;
			children = (
				C6F960401A73253800276CF0 /* Base */,
			);
			name = LaunchScreen.xib;
			sourceTree = "<group>";
		};
/* End PBXVariantGroup section */

/* Begin XCBuildConfiguration section */
		C6F9604E1A73253800276CF0 /* Debug */ = {
			isa = XCBuildConfiguration;
			buildSettings = {
				ALWAYS_SEARCH_USER_PATHS = NO;
				CLANG_CXX_LANGUAGE_STANDARD = "gnu++0x";
				CLANG_CXX_LIBRARY = "libc++";
				CLANG_ENABLE_MODULES = YES;
				CLANG_ENABLE_OBJC_ARC = YES;
				CLANG_WARN_BOOL_CONVERSION = YES;
				CLANG_WARN_CONSTANT_CONVERSION = YES;
				CLANG_WARN_DIRECT_OBJC_ISA_USAGE = YES_ERROR;
				CLANG_WARN_EMPTY_BODY = YES;
				CLANG_WARN_ENUM_CONVERSION = YES;
				CLANG_WARN_INT_CONVERSION = YES;
				CLANG_WARN_OBJC_ROOT_CLASS = YES_ERROR;
				CLANG_WARN_UNREACHABLE_CODE = YES;
				CLANG_WARN__DUPLICATE_METHOD_MATCH = YES;
				"CODE_SIGN_IDENTITY[sdk=iphoneos*]" = "iPhone Developer";
				COPY_PHASE_STRIP = NO;
				ENABLE_STRICT_OBJC_MSGSEND = YES;
				GCC_C_LANGUAGE_STANDARD = gnu99;
				GCC_DYNAMIC_NO_PIC = NO;
				GCC_OPTIMIZATION_LEVEL = 0;
				GCC_PREPROCESSOR_DEFINITIONS = (
					"DEBUG=1",
					"$(inherited)",
				);
				GCC_SYMBOLS_PRIVATE_EXTERN = NO;
				GCC_WARN_64_TO_32_BIT_CONVERSION = YES;
				GCC_WARN_ABOUT_RETURN_TYPE = YES_ERROR;
				GCC_WARN_UNDECLARED_SELECTOR = YES;
				GCC_WARN_UNINITIALIZED_AUTOS = YES_AGGRESSIVE;
				GCC_WARN_UNUSED_FUNCTION = YES;
				GCC_WARN_UNUSED_VARIABLE = YES;
				IPHONEOS_DEPLOYMENT_TARGET = 8.1;
				MTL_ENABLE_DEBUG_INFO = YES;
				ONLY_ACTIVE_ARCH = YES;
				SDKROOT = iphoneos;
				SWIFT_OPTIMIZATION_LEVEL = "-Onone";
				TARGETED_DEVICE_FAMILY = "1,2";
			};
			name = Debug;
		};
		C6F9604F1A73253800276CF0 /* Release */ = {
			isa = XCBuildConfiguration;
			buildSettings = {
				ALWAYS_SEARCH_USER_PATHS = NO;
				CLANG_CXX_LANGUAGE_STANDARD = "gnu++0x";
				CLANG_CXX_LIBRARY = "libc++";
				CLANG_ENABLE_MODULES = YES;
				CLANG_ENABLE_OBJC_ARC = YES;
				CLANG_WARN_BOOL_CONVERSION = YES;
				CLANG_WARN_CONSTANT_CONVERSION = YES;
				CLANG_WARN_DIRECT_OBJC_ISA_USAGE = YES_ERROR;
				CLANG_WARN_EMPTY_BODY = YES;
				CLANG_WARN_ENUM_CONVERSION = YES;
				CLANG_WARN_INT_CONVERSION = YES;
				CLANG_WARN_OBJC_ROOT_CLASS = YES_ERROR;
				CLANG_WARN_UNREACHABLE_CODE = YES;
				CLANG_WARN__DUPLICATE_METHOD_MATCH = YES;
				"CODE_SIGN_IDENTITY[sdk=iphoneos*]" = "iPhone Developer";
				COPY_PHASE_STRIP = YES;
				ENABLE_NS_ASSERTIONS = NO;
				ENABLE_STRICT_OBJC_MSGSEND = YES;
				GCC_C_LANGUAGE_STANDARD = gnu99;
				GCC_WARN_64_TO_32_BIT_CONVERSION = YES;
				GCC_WARN_ABOUT_RETURN_TYPE = YES_ERROR;
				GCC_WARN_UNDECLARED_SELECTOR = YES;
				GCC_WARN_UNINITIALIZED_AUTOS = YES_AGGRESSIVE;
				GCC_WARN_UNUSED_FUNCTION = YES;
				GCC_WARN_UNUSED_VARIABLE = YES;
				IPHONEOS_DEPLOYMENT_TARGET = 8.1;
				MTL_ENABLE_DEBUG_INFO = NO;
				SDKROOT = iphoneos;
				TARGETED_DEVICE_FAMILY = "1,2";
				VALIDATE_PRODUCT = YES;
			};
			name = Release;
		};
		C6F960511A73253800276CF0 /* Debug */ = {
			isa = XCBuildConfiguration;
			buildSettings = {
				ASSETCATALOG_COMPILER_APPICON_NAME = AppIcon;
				INFOPLIST_FILE = Postcard/Info.plist;
				LD_RUNPATH_SEARCH_PATHS = "$(inherited) @executable_path/Frameworks";
				PRODUCT_NAME = "$(TARGET_NAME)";
			};
			name = Debug;
		};
		C6F960521A73253800276CF0 /* Release */ = {
			isa = XCBuildConfiguration;
			buildSettings = {
				ASSETCATALOG_COMPILER_APPICON_NAME = AppIcon;
				INFOPLIST_FILE = Postcard/Info.plist;
				LD_RUNPATH_SEARCH_PATHS = "$(inherited) @executable_path/Frameworks";
				PRODUCT_NAME = "$(TARGET_NAME)";
			};
			name = Release;
		};
		C6F960541A73253800276CF0 /* Debug */ = {
			isa = XCBuildConfiguration;
			buildSettings = {
				BUNDLE_LOADER = "$(TEST_HOST)";
				FRAMEWORK_SEARCH_PATHS = (
					"$(SDKROOT)/Developer/Library/Frameworks",
					"$(inherited)",
				);
				GCC_PREPROCESSOR_DEFINITIONS = (
					"DEBUG=1",
					"$(inherited)",
				);
				INFOPLIST_FILE = PostcardTests/Info.plist;
				LD_RUNPATH_SEARCH_PATHS = "$(inherited) @executable_path/Frameworks @loader_path/Frameworks";
				PRODUCT_NAME = "$(TARGET_NAME)";
				TEST_HOST = "$(BUILT_PRODUCTS_DIR)/Postcard.app/Postcard";
			};
			name = Debug;
		};
		C6F960551A73253800276CF0 /* Release */ = {
			isa = XCBuildConfiguration;
			buildSettings = {
				BUNDLE_LOADER = "$(TEST_HOST)";
				FRAMEWORK_SEARCH_PATHS = (
					"$(SDKROOT)/Developer/Library/Frameworks",
					"$(inherited)",
				);
				INFOPLIST_FILE = PostcardTests/Info.plist;
				LD_RUNPATH_SEARCH_PATHS = "$(inherited) @executable_path/Frameworks @loader_path/Frameworks";
				PRODUCT_NAME = "$(TARGET_NAME)";
				TEST_HOST = "$(BUILT_PRODUCTS_DIR)/Postcard.app/Postcard";
			};
			name = Release;
		};
/* End XCBuildConfiguration section */

/* Begin XCConfigurationList section */
		C6F9602C1A73253800276CF0 /* Build configuration list for PBXProject "Postcard" */ = {
			isa = XCConfigurationList;
			buildConfigurations = (
				C6F9604E1A73253800276CF0 /* Debug */,
				C6F9604F1A73253800276CF0 /* Release */,
			);
			defaultConfigurationIsVisible = 0;
			defaultConfigurationName = Release;
		};
		C6F960501A73253800276CF0 /* Build configuration list for PBXNativeTarget "Postcard" */ = {
			isa = XCConfigurationList;
			buildConfigurations = (
				C6F960511A73253800276CF0 /* Debug */,
				C6F960521A73253800276CF0 /* Release */,
			);
			defaultConfigurationIsVisible = 0;
		};
		C6F960531A73253800276CF0 /* Build configuration list for PBXNativeTarget "PostcardTests" */ = {
			isa = XCConfigurationList;
			buildConfigurations = (
				C6F960541A73253800276CF0 /* Debug */,
				C6F960551A73253800276CF0 /* Release */,
			);
			defaultConfigurationIsVisible = 0;
		};
/* End XCConfigurationList section */
	};
	rootObject = C6F960291A73253800276CF0 /* Project object */;
}
